
Microsoft Visual Studio Solution File, Format Version 12.00
# Visual Studio Version 17
VisualStudioVersion = 17.10.35013.160
MinimumVisualStudioVersion = 10.0.40219.1
Project("{9A19103F-16F7-4668-BE54-9A1E7A4F7556}") = "LifeTrack.UI.Web", "src\LifeTrack.UI.Web\LifeTrack.UI.Web.csproj", "{C4E58B67-DA56-4364-A132-68CEB5A6526B}"
EndProject
Project("{2150E333-8FDC-42A3-9474-1A3956D46DE8}") = "1 - Presentation", "1 - Presentation", "{982C33F5-0F5A-40EC-A1D8-392005BE8318}"
EndProject
Project("{2150E333-8FDC-42A3-9474-1A3956D46DE8}") = "2 - Application", "2 - Application", "{32AFAE53-794B-4480-8C9C-1D4DC01DF413}"
EndProject
Project("{2150E333-8FDC-42A3-9474-1A3956D46DE8}") = "3 - Domain", "3 - Domain", "{F71E5B9F-309C-435C-AFB8-46897E45ED7F}"
EndProject
Project("{2150E333-8FDC-42A3-9474-1A3956D46DE8}") = "4 - Infra", "4 - Infra", "{BBECEB82-574B-4BC2-97EE-EFE493023E95}"
EndProject
Project("{2150E333-8FDC-42A3-9474-1A3956D46DE8}") = "4.1 - Data", "4.1 - Data", "{B6CD23F1-D042-4A6F-965A-1D038A4935F3}"
EndProject
Project("{2150E333-8FDC-42A3-9474-1A3956D46DE8}") = "4.2 - CrossCutting", "4.2 - CrossCutting", "{46AEE984-B6C7-43DB-AFB0-47E6698A1060}"
EndProject
Project("{9A19103F-16F7-4668-BE54-9A1E7A4F7556}") = "LifeTrack.Application", "src\LifeTrack.Application\LifeTrack.Application.csproj", "{41CCB686-51F6-44A4-865E-303BF77D76BC}"
EndProject
Project("{9A19103F-16F7-4668-BE54-9A1E7A4F7556}") = "LifeTrack.Domain", "src\LifeTrack.Domain\LifeTrack.Domain.csproj", "{B1C4A993-EC49-4ECC-A08E-B50E1F9074B8}"
EndProject
Project("{9A19103F-16F7-4668-BE54-9A1E7A4F7556}") = "LifeTrack.Infra.Data", "src\LifeTrack.Infra.Data\LifeTrack.Infra.Data.csproj", "{74357F26-9954-411E-B144-CBAF48BCA306}"
EndProject
Project("{FAE04EC0-301F-11D3-BF4B-00C04F79EFBC}") = "LifeTrack.Infra.CrossCutting", "src\LifeTrack.Infra.CrossCutting\LifeTrack.Infra.CrossCutting.csproj", "{7F141B67-FDB1-480B-B35A-9E0B69CBC013}"
EndProject
Global
	GlobalSection(SolutionConfigurationPlatforms) = preSolution
		Debug|Any CPU = Debug|Any CPU
		Release|Any CPU = Release|Any CPU
	EndGlobalSection
	GlobalSection(ProjectConfigurationPlatforms) = postSolution
		{C4E58B67-DA56-4364-A132-68CEB5A6526B}.Debug|Any CPU.ActiveCfg = Debug|Any CPU
		{C4E58B67-DA56-4364-A132-68CEB5A6526B}.Debug|Any CPU.Build.0 = Debug|Any CPU
		{C4E58B67-DA56-4364-A132-68CEB5A6526B}.Release|Any CPU.ActiveCfg = Release|Any CPU
		{C4E58B67-DA56-4364-A132-68CEB5A6526B}.Release|Any CPU.Build.0 = Release|Any CPU
		{41CCB686-51F6-44A4-865E-303BF77D76BC}.Debug|Any CPU.ActiveCfg = Debug|Any CPU
		{41CCB686-51F6-44A4-865E-303BF77D76BC}.Debug|Any CPU.Build.0 = Debug|Any CPU
		{41CCB686-51F6-44A4-865E-303BF77D76BC}.Release|Any CPU.ActiveCfg = Release|Any CPU
		{41CCB686-51F6-44A4-865E-303BF77D76BC}.Release|Any CPU.Build.0 = Release|Any CPU
		{B1C4A993-EC49-4ECC-A08E-B50E1F9074B8}.Debug|Any CPU.ActiveCfg = Debug|Any CPU
		{B1C4A993-EC49-4ECC-A08E-B50E1F9074B8}.Debug|Any CPU.Build.0 = Debug|Any CPU
		{B1C4A993-EC49-4ECC-A08E-B50E1F9074B8}.Release|Any CPU.ActiveCfg = Release|Any CPU
		{B1C4A993-EC49-4ECC-A08E-B50E1F9074B8}.Release|Any CPU.Build.0 = Release|Any CPU
		{74357F26-9954-411E-B144-CBAF48BCA306}.Debug|Any CPU.ActiveCfg = Debug|Any CPU
		{74357F26-9954-411E-B144-CBAF48BCA306}.Debug|Any CPU.Build.0 = Debug|Any CPU
		{74357F26-9954-411E-B144-CBAF48BCA306}.Release|Any CPU.ActiveCfg = Release|Any CPU
		{74357F26-9954-411E-B144-CBAF48BCA306}.Release|Any CPU.Build.0 = Release|Any CPU
		{7F141B67-FDB1-480B-B35A-9E0B69CBC013}.Debug|Any CPU.ActiveCfg = Debug|Any CPU
		{7F141B67-FDB1-480B-B35A-9E0B69CBC013}.Debug|Any CPU.Build.0 = Debug|Any CPU
		{7F141B67-FDB1-480B-B35A-9E0B69CBC013}.Release|Any CPU.ActiveCfg = Release|Any CPU
		{7F141B67-FDB1-480B-B35A-9E0B69CBC013}.Release|Any CPU.Build.0 = Release|Any CPU
	EndGlobalSection
	GlobalSection(SolutionProperties) = preSolution
		HideSolutionNode = FALSE
	EndGlobalSection
	GlobalSection(NestedProjects) = preSolution
		{C4E58B67-DA56-4364-A132-68CEB5A6526B} = {982C33F5-0F5A-40EC-A1D8-392005BE8318}
		{B6CD23F1-D042-4A6F-965A-1D038A4935F3} = {BBECEB82-574B-4BC2-97EE-EFE493023E95}
		{46AEE984-B6C7-43DB-AFB0-47E6698A1060} = {BBECEB82-574B-4BC2-97EE-EFE493023E95}
		{41CCB686-51F6-44A4-865E-303BF77D76BC} = {32AFAE53-794B-4480-8C9C-1D4DC01DF413}
		{B1C4A993-EC49-4ECC-A08E-B50E1F9074B8} = {F71E5B9F-309C-435C-AFB8-46897E45ED7F}
		{74357F26-9954-411E-B144-CBAF48BCA306} = {B6CD23F1-D042-4A6F-965A-1D038A4935F3}
		{7F141B67-FDB1-480B-B35A-9E0B69CBC013} = {46AEE984-B6C7-43DB-AFB0-47E6698A1060}
	EndGlobalSection
	GlobalSection(ExtensibilityGlobals) = postSolution
		SolutionGuid = {ECE72169-1FA2-4E20-8A18-C164FF3B9ABC}
	EndGlobalSection
EndGlobal
